{
  "name": "system",
  "version": "1.0.0",
  "lockfileVersion": 1,
  "requires": true,
  "dependencies": {
    "systeminformation": {
      "version": "3.54.0",
      "resolved": "https://registry.npmjs.org/systeminformation/-/systeminformation-3.54.0.tgz",
      "integrity": "sha512-kWzMlMS4B2bz+b9qhmdrbdZZuVpf3LJr4lbIZbOVbfXlJLlPJLmoUlCy+2VmTd/ow1xZGUkaQNBSz0X19NViWA=="
    }
  }
}
