{
  "name": "javascript-execute",
  "version": "1.0.0",
  "lockfileVersion": 1,
  "requires": true,
  "dependencies": {
    "vm2": {
      "version": "3.8.3",
      "resolved": "https://registry.npmjs.org/vm2/-/vm2-3.8.3.tgz",
      "integrity": "sha512-ENQFzvyofYuR6ADLwK7v3eTVXPx8R4EPDoOBb4vDZ18doMH6UR2xe735VZKz+BrgIpi5SAt9laBqZJf1FlqHTw=="
    }
  }
}
